
Microsoft Visual Studio Solution File, Format Version 12.00
# Visual Studio Version 17
VisualStudioVersion = 17.8.34525.116
MinimumVisualStudioVersion = 10.0.40219.1
Project("{FAE04EC0-301F-11D3-BF4B-00C04F79EFBC}") = "ImageTrackingApi", "ImageTrackingApi\ImageTrackingApi.csproj", "{F9362857-D7B1-4050-B86B-49BC52063B89}"
EndProject
Project("{FAE04EC0-301F-11D3-BF4B-00C04F79EFBC}") = "ImageTrackingApiTests", "ImageTrackingApiTests\ImageTrackingApiTests.csproj", "{C73A59B7-CE72-4994-8BED-F2B3DCBE7077}"
EndProject
Global
	GlobalSection(SolutionConfigurationPlatforms) = preSolution
		Debug|Any CPU = Debug|Any CPU
		Release|Any CPU = Release|Any CPU
	EndGlobalSection
	GlobalSection(ProjectConfigurationPlatforms) = postSolution
		{F9362857-D7B1-4050-B86B-49BC52063B89}.Debug|Any CPU.ActiveCfg = Debug|Any CPU
		{F9362857-D7B1-4050-B86B-49BC52063B89}.Debug|Any CPU.Build.0 = Debug|Any CPU
		{F9362857-D7B1-4050-B86B-49BC52063B89}.Release|Any CPU.ActiveCfg = Release|Any CPU
		{F9362857-D7B1-4050-B86B-49BC52063B89}.Release|Any CPU.Build.0 = Release|Any CPU
		{C73A59B7-CE72-4994-8BED-F2B3DCBE7077}.Debug|Any CPU.ActiveCfg = Debug|Any CPU
		{C73A59B7-CE72-4994-8BED-F2B3DCBE7077}.Debug|Any CPU.Build.0 = Debug|Any CPU
		{C73A59B7-CE72-4994-8BED-F2B3DCBE7077}.Release|Any CPU.ActiveCfg = Release|Any CPU
		{C73A59B7-CE72-4994-8BED-F2B3DCBE7077}.Release|Any CPU.Build.0 = Release|Any CPU
	EndGlobalSection
	GlobalSection(SolutionProperties) = preSolution
		HideSolutionNode = FALSE
	EndGlobalSection
	GlobalSection(ExtensibilityGlobals) = postSolution
		SolutionGuid = {1AEF90FD-A240-41A2-A338-5D2EDB649882}
	EndGlobalSection
EndGlobal
